
Microsoft Visual Studio Solution File, Format Version 12.00
# Visual Studio Version 17
VisualStudioVersion = 17.3.32929.385
MinimumVisualStudioVersion = 10.0.40219.1
Project("{9A19103F-16F7-4668-BE54-9A1E7A4F7556}") = "TranslationViewer", "TranslationViewer\TranslationViewer.csproj", "{B836F26B-1C2F-4430-818F-5F396B7F4C26}"
EndProject
Project("{2150E333-8FDC-42A3-9474-1A3956D46DE8}") = "Solution Items", "Solution Items", "{69F3FC87-DC86-41DE-9E23-62C4A60E83EE}"
	ProjectSection(SolutionItems) = preProject
		.editorconfig = .editorconfig
		..\build.cake = ..\build.cake
		..\README.md = ..\README.md
		..\Setup\script.iss = ..\Setup\script.iss
	EndProjectSection
EndProject
Global
	GlobalSection(SolutionConfigurationPlatforms) = preSolution
		Debug|Any CPU = Debug|Any CPU
		Release|Any CPU = Release|Any CPU
	EndGlobalSection
	GlobalSection(ProjectConfigurationPlatforms) = postSolution
		{B836F26B-1C2F-4430-818F-5F396B7F4C26}.Debug|Any CPU.ActiveCfg = Debug|Any CPU
		{B836F26B-1C2F-4430-818F-5F396B7F4C26}.Debug|Any CPU.Build.0 = Debug|Any CPU
		{B836F26B-1C2F-4430-818F-5F396B7F4C26}.Release|Any CPU.ActiveCfg = Release|Any CPU
		{B836F26B-1C2F-4430-818F-5F396B7F4C26}.Release|Any CPU.Build.0 = Release|Any CPU
	EndGlobalSection
	GlobalSection(SolutionProperties) = preSolution
		HideSolutionNode = FALSE
	EndGlobalSection
	GlobalSection(ExtensibilityGlobals) = postSolution
		SolutionGuid = {28F0A2EB-2863-4670-8CAC-868B3FAB2D63}
	EndGlobalSection
EndGlobal
